
Microsoft Visual Studio Solution File, Format Version 12.00
# Visual Studio Version 17
VisualStudioVersion = 17.14.36414.22 d17.14
MinimumVisualStudioVersion = 10.0.40219.1
Project("{FAE04EC0-301F-11D3-BF4B-00C04F79EFBC}") = "_3TLPROJECTck", "_3TLPROJECTck.csproj", "{7B10E9FE-BB5A-4981-A184-971CD020FE90}"
EndProject
Global
	GlobalSection(SolutionConfigurationPlatforms) = preSolution
		Debug|Any CPU = Debug|Any CPU
		Release|Any CPU = Release|Any CPU
	EndGlobalSection
	GlobalSection(ProjectConfigurationPlatforms) = postSolution
		{7B10E9FE-BB5A-4981-A184-971CD020FE90}.Debug|Any CPU.ActiveCfg = Debug|Any CPU
		{7B10E9FE-BB5A-4981-A184-971CD020FE90}.Debug|Any CPU.Build.0 = Debug|Any CPU
		{7B10E9FE-BB5A-4981-A184-971CD020FE90}.Release|Any CPU.ActiveCfg = Release|Any CPU
		{7B10E9FE-BB5A-4981-A184-971CD020FE90}.Release|Any CPU.Build.0 = Release|Any CPU
	EndGlobalSection
	GlobalSection(SolutionProperties) = preSolution
		HideSolutionNode = FALSE
	EndGlobalSection
	GlobalSection(ExtensibilityGlobals) = postSolution
		SolutionGuid = {0CEAD31C-E32E-4850-897B-FFB8618F4C5B}
	EndGlobalSection
EndGlobal
